
Microsoft Visual Studio Solution File, Format Version 12.00
Project("{FAE04EC0-301F-11D3-BF4B-00C04F79EFBC}") = "bank_zad4", "bank_zad4\bank_zad4.csproj", "{614E5325-39D6-4742-881C-D855B40B9FFD}"
EndProject
Global
	GlobalSection(SolutionConfigurationPlatforms) = preSolution
		Debug|Any CPU = Debug|Any CPU
		Release|Any CPU = Release|Any CPU
	EndGlobalSection
	GlobalSection(ProjectConfigurationPlatforms) = postSolution
		{614E5325-39D6-4742-881C-D855B40B9FFD}.Debug|Any CPU.ActiveCfg = Debug|Any CPU
		{614E5325-39D6-4742-881C-D855B40B9FFD}.Debug|Any CPU.Build.0 = Debug|Any CPU
		{614E5325-39D6-4742-881C-D855B40B9FFD}.Release|Any CPU.ActiveCfg = Release|Any CPU
		{614E5325-39D6-4742-881C-D855B40B9FFD}.Release|Any CPU.Build.0 = Release|Any CPU
	EndGlobalSection
EndGlobal
